
Microsoft Visual Studio Solution File, Format Version 12.00
# Visual Studio Version 16
VisualStudioVersion = 16.0.31613.86
MinimumVisualStudioVersion = 10.0.40219.1
Project("{FAE04EC0-301F-11D3-BF4B-00C04F79EFBC}") = "AnagramsKata", "AnagramsKata\AnagramsKata.csproj", "{DE44804F-A9B0-4FBC-9F1D-14F33F4217A2}"
EndProject
Project("{FAE04EC0-301F-11D3-BF4B-00C04F79EFBC}") = "AnagramsKata.Tests", "AnagramsKata.Tests\AnagramsKata.Tests.csproj", "{BC9AF56B-A951-4776-8190-9450A01FA6B2}"
EndProject
Global
	GlobalSection(SolutionConfigurationPlatforms) = preSolution
		Debug|Any CPU = Debug|Any CPU
		Release|Any CPU = Release|Any CPU
	EndGlobalSection
	GlobalSection(ProjectConfigurationPlatforms) = postSolution
		{DE44804F-A9B0-4FBC-9F1D-14F33F4217A2}.Debug|Any CPU.ActiveCfg = Debug|Any CPU
		{DE44804F-A9B0-4FBC-9F1D-14F33F4217A2}.Debug|Any CPU.Build.0 = Debug|Any CPU
		{DE44804F-A9B0-4FBC-9F1D-14F33F4217A2}.Release|Any CPU.ActiveCfg = Release|Any CPU
		{DE44804F-A9B0-4FBC-9F1D-14F33F4217A2}.Release|Any CPU.Build.0 = Release|Any CPU
		{BC9AF56B-A951-4776-8190-9450A01FA6B2}.Debug|Any CPU.ActiveCfg = Debug|Any CPU
		{BC9AF56B-A951-4776-8190-9450A01FA6B2}.Debug|Any CPU.Build.0 = Debug|Any CPU
		{BC9AF56B-A951-4776-8190-9450A01FA6B2}.Release|Any CPU.ActiveCfg = Release|Any CPU
		{BC9AF56B-A951-4776-8190-9450A01FA6B2}.Release|Any CPU.Build.0 = Release|Any CPU
	EndGlobalSection
	GlobalSection(SolutionProperties) = preSolution
		HideSolutionNode = FALSE
	EndGlobalSection
	GlobalSection(ExtensibilityGlobals) = postSolution
		SolutionGuid = {04ADC8AA-C658-4CF5-9B33-13D582FF62C3}
	EndGlobalSection
EndGlobal
